{
  "name": "aiui-speech-recognition-lifecycle-repro",
  "version": "0.1.0",
  "lockfileVersion": 3,
  "requires": true,
  "packages": {
    "": {
      "name": "aiui-speech-recognition-lifecycle-repro",
      "version": "0.1.0",
      "devDependencies": {
        "@yodaos-pkg/aix-cli": "0.8.2"
      }
    },
    "node_modules/@yodaos-pkg/aix-cli": {
      "version": "0.8.2",
      "resolved": "https://registry.npmjs.org/@yodaos-pkg/aix-cli/-/aix-cli-0.8.2.tgz",
      "integrity": "sha512-bb5nm3c764bVLYeXwj7/+GGUD62cJIShInfaajlfvjDXTyN6t11vKEXWkTiIzNZIPKyNc9mBKpzuEF2SxjJT/w==",
      "dev": true,
      "license": "MIT",
      "dependencies": {
        "ignore": "^5.3.0",
        "ws": "^8.21.3"
      },
      "bin": {
        "aix": "dist/cli.js"
      },
      "engines": {
        "node": ">=20"
      }
    },
    "node_modules/ignore": {
      "version": "5.3.2",
      "resolved": "https://registry.npmjs.org/ignore/-/ignore-5.3.2.tgz",
      "integrity": "sha512-hsBTNUqQTDwkWtcdYI2i06Y/nUBEsNEDJKjWdigLvegy8kDuJAS8uRlpkkcQpyEXL0Z/pjDy5HBmMjRCJ2gq+g==",
      "dev": true,
      "license": "MIT",
      "engines": {
        "node": ">= 4"
      }
    },
    "node_modules/ws": {
      "version": "8.21.3",
      "resolved": "https://registry.npmjs.org/ws/-/ws-8.21.3.tgz",
      "integrity": "sha512-201TZ/kPWxoPr/OKWjquZR1SWKXcvxdH+e1xrx89b3YbmzLMFCLfnaG1HFIgWzJOEWZ7MvpK++odZufgYR50Rw==",
      "dev": true,
      "license": "MIT",
      "engines": {
        "node": ">=10.0.0"
      },
      "peerDependencies": {
        "bufferutil": "^4.0.1",
        "utf-8-validate": ">=5.0.2"
      },
      "peerDependenciesMeta": {
        "bufferutil": {
          "optional": true
        },
        "utf-8-validate": {
          "optional": true
        }
      }
    }
  }
}
